
Microsoft Visual Studio Solution File, Format Version 12.00
# Visual Studio Version 17
VisualStudioVersion = 17.4.33110.190
MinimumVisualStudioVersion = 10.0.40219.1
Project("{FAE04EC0-301F-11D3-BF4B-00C04F79EFBC}") = "PracticasCSharp", "PracticasCSharp.csproj", "{B8479005-A7BA-4955-B3C6-D91B79E5CF07}"
EndProject
Global
	GlobalSection(SolutionConfigurationPlatforms) = preSolution
		Debug|Any CPU = Debug|Any CPU
		Release|Any CPU = Release|Any CPU
	EndGlobalSection
	GlobalSection(ProjectConfigurationPlatforms) = postSolution
		{B8479005-A7BA-4955-B3C6-D91B79E5CF07}.Debug|Any CPU.ActiveCfg = Debug|Any CPU
		{B8479005-A7BA-4955-B3C6-D91B79E5CF07}.Debug|Any CPU.Build.0 = Debug|Any CPU
		{B8479005-A7BA-4955-B3C6-D91B79E5CF07}.Release|Any CPU.ActiveCfg = Release|Any CPU
		{B8479005-A7BA-4955-B3C6-D91B79E5CF07}.Release|Any CPU.Build.0 = Release|Any CPU
	EndGlobalSection
	GlobalSection(SolutionProperties) = preSolution
		HideSolutionNode = FALSE
	EndGlobalSection
	GlobalSection(ExtensibilityGlobals) = postSolution
		SolutionGuid = {62C7BAF9-7F9E-46D2-B943-2F57EEDA4E93}
	EndGlobalSection
EndGlobal
